// !$*UTF8*$!
{
	archiveVersion = 1;
	classes = {
	};
	objectVersion = 56;
	objects = {

/* Begin PBXBuildFile section */
		496C679574AE4FEB2F329537 /* Pods_PokemonApp_PokemonAppUITests.framework in Frameworks */ = {isa = PBXBuildFile; fileRef = EA7BC1BB53D87406DCF90915 /* Pods_PokemonApp_PokemonAppUITests.framework */; };
		53689F5A2B2073C700748595 /* PokeService.swift in Sources */ = {isa = PBXBuildFile; fileRef = 53689F592B2073C700748595 /* PokeService.swift */; };
		537CF2E82B29996D007AB133 /* PokemonCollectionView.swift in Sources */ = {isa = PBXBuildFile; fileRef = 537CF2E72B29996D007AB133 /* PokemonCollectionView.swift */; };
		537CF2EA2B299A6E007AB133 /* PokemonCollectionViewCell.swift in Sources */ = {isa = PBXBuildFile; fileRef = 537CF2E92B299A6D007AB133 /* PokemonCollectionViewCell.swift */; };
		537F44212B26ECF1005AA0E6 /* BattleView.swift in Sources */ = {isa = PBXBuildFile; fileRef = 537F44202B26ECF1005AA0E6 /* BattleView.swift */; };
		537F46ED2B281721005AA0E6 /* GenerationIii.swift in Sources */ = {isa = PBXBuildFile; fileRef = 537F46BE2B281720005AA0E6 /* GenerationIii.swift */; };
		537F46EE2B281721005AA0E6 /* Move.swift in Sources */ = {isa = PBXBuildFile; fileRef = 537F46BF2B281720005AA0E6 /* Move.swift */; };
		537F46EF2B281721005AA0E6 /* Silver.swift in Sources */ = {isa = PBXBuildFile; fileRef = 537F46C02B281720005AA0E6 /* Silver.swift */; };
		537F46F02B281721005AA0E6 /* BlackWhite.swift in Sources */ = {isa = PBXBuildFile; fileRef = 537F46C12B281720005AA0E6 /* BlackWhite.swift */; };
		537F46F12B281721005AA0E6 /* Forms.swift in Sources */ = {isa = PBXBuildFile; fileRef = 537F46C22B281720005AA0E6 /* Forms.swift */; };
		537F46F22B281721005AA0E6 /* Sprites.swift in Sources */ = {isa = PBXBuildFile; fileRef = 537F46C32B281720005AA0E6 /* Sprites.swift */; };
		537F46F32B281721005AA0E6 /* Versions.swift in Sources */ = {isa = PBXBuildFile; fileRef = 537F46C42B281720005AA0E6 /* Versions.swift */; };
		537F46F42B281721005AA0E6 /* VersionGroupDetails.swift in Sources */ = {isa = PBXBuildFile; fileRef = 537F46C52B281720005AA0E6 /* VersionGroupDetails.swift */; };
		537F46F52B281721005AA0E6 /* Ability.swift in Sources */ = {isa = PBXBuildFile; fileRef = 537F46C62B281720005AA0E6 /* Ability.swift */; };
		537F46F62B281721005AA0E6 /* GenerationVii.swift in Sources */ = {isa = PBXBuildFile; fileRef = 537F46C72B281720005AA0E6 /* GenerationVii.swift */; };
		537F46F72B281721005AA0E6 /* GenerationIv.swift in Sources */ = {isa = PBXBuildFile; fileRef = 537F46C82B281720005AA0E6 /* GenerationIv.swift */; };
		537F46F82B281721005AA0E6 /* Type.swift in Sources */ = {isa = PBXBuildFile; fileRef = 537F46C92B281720005AA0E6 /* Type.swift */; };
		537F46F92B281721005AA0E6 /* GameIndices.swift in Sources */ = {isa = PBXBuildFile; fileRef = 537F46CA2B281720005AA0E6 /* GameIndices.swift */; };
		537F46FA2B281721005AA0E6 /* FireredLeafgreen.swift in Sources */ = {isa = PBXBuildFile; fileRef = 537F46CB2B281720005AA0E6 /* FireredLeafgreen.swift */; };
		537F46FB2B281721005AA0E6 /* Abilities.swift in Sources */ = {isa = PBXBuildFile; fileRef = 537F46CC2B281720005AA0E6 /* Abilities.swift */; };
		537F46FC2B281721005AA0E6 /* OfficialArtwork.swift in Sources */ = {isa = PBXBuildFile; fileRef = 537F46CD2B281720005AA0E6 /* OfficialArtwork.swift */; };
		537F46FD2B281721005AA0E6 /* PokemonData.swift in Sources */ = {isa = PBXBuildFile; fileRef = 537F46CE2B281720005AA0E6 /* PokemonData.swift */; };
		537F46FE2B281721005AA0E6 /* GenerationV.swift in Sources */ = {isa = PBXBuildFile; fileRef = 537F46CF2B281720005AA0E6 /* GenerationV.swift */; };
		537F46FF2B281721005AA0E6 /* OmegarubyAlphasapphire.swift in Sources */ = {isa = PBXBuildFile; fileRef = 537F46D02B281720005AA0E6 /* OmegarubyAlphasapphire.swift */; };
		537F47002B281721005AA0E6 /* Version.swift in Sources */ = {isa = PBXBuildFile; fileRef = 537F46D12B281720005AA0E6 /* Version.swift */; };
		537F47012B281721005AA0E6 /* VersionGroup.swift in Sources */ = {isa = PBXBuildFile; fileRef = 537F46D22B281720005AA0E6 /* VersionGroup.swift */; };
		537F47022B281721005AA0E6 /* Home.swift in Sources */ = {isa = PBXBuildFile; fileRef = 537F46D32B281720005AA0E6 /* Home.swift */; };
		537F47032B281721005AA0E6 /* Gold.swift in Sources */ = {isa = PBXBuildFile; fileRef = 537F46D42B281720005AA0E6 /* Gold.swift */; };
		537F47042B281721005AA0E6 /* GenerationI.swift in Sources */ = {isa = PBXBuildFile; fileRef = 537F46D52B281720005AA0E6 /* GenerationI.swift */; };
		537F47052B281721005AA0E6 /* Animated.swift in Sources */ = {isa = PBXBuildFile; fileRef = 537F46D62B281720005AA0E6 /* Animated.swift */; };
		537F47062B281721005AA0E6 /* GenerationIi.swift in Sources */ = {isa = PBXBuildFile; fileRef = 537F46D72B281720005AA0E6 /* GenerationIi.swift */; };
		537F47072B281721005AA0E6 /* Icons.swift in Sources */ = {isa = PBXBuildFile; fileRef = 537F46D82B281720005AA0E6 /* Icons.swift */; };
		537F47082B281721005AA0E6 /* Crystal.swift in Sources */ = {isa = PBXBuildFile; fileRef = 537F46D92B281720005AA0E6 /* Crystal.swift */; };
		537F47092B281721005AA0E6 /* Moves.swift in Sources */ = {isa = PBXBuildFile; fileRef = 537F46DA2B281720005AA0E6 /* Moves.swift */; };
		537F470A2B281721005AA0E6 /* Emerald.swift in Sources */ = {isa = PBXBuildFile; fileRef = 537F46DB2B281720005AA0E6 /* Emerald.swift */; };
		537F470B2B281721005AA0E6 /* Platinum.swift in Sources */ = {isa = PBXBuildFile; fileRef = 537F46DC2B281720005AA0E6 /* Platinum.swift */; };
		537F470C2B281721005AA0E6 /* RubySapphire.swift in Sources */ = {isa = PBXBuildFile; fileRef = 537F46DD2B281720005AA0E6 /* RubySapphire.swift */; };
		537F470D2B281721005AA0E6 /* HeartgoldSoulsilver.swift in Sources */ = {isa = PBXBuildFile; fileRef = 537F46DE2B281720005AA0E6 /* HeartgoldSoulsilver.swift */; };
		537F470E2B281721005AA0E6 /* RedBlue.swift in Sources */ = {isa = PBXBuildFile; fileRef = 537F46DF2B281720005AA0E6 /* RedBlue.swift */; };
		537F470F2B281721005AA0E6 /* Yellow.swift in Sources */ = {isa = PBXBuildFile; fileRef = 537F46E02B281720005AA0E6 /* Yellow.swift */; };
		537F47102B281721005AA0E6 /* Species.swift in Sources */ = {isa = PBXBuildFile; fileRef = 537F46E12B281720005AA0E6 /* Species.swift */; };
		537F47112B281721005AA0E6 /* GenerationVi.swift in Sources */ = {isa = PBXBuildFile; fileRef = 537F46E22B281720005AA0E6 /* GenerationVi.swift */; };
		537F47122B281721005AA0E6 /* XY.swift in Sources */ = {isa = PBXBuildFile; fileRef = 537F46E32B281720005AA0E6 /* XY.swift */; };
		537F47132B281721005AA0E6 /* Stats.swift in Sources */ = {isa = PBXBuildFile; fileRef = 537F46E42B281720005AA0E6 /* Stats.swift */; };
		537F47142B281721005AA0E6 /* Other.swift in Sources */ = {isa = PBXBuildFile; fileRef = 537F46E52B281720005AA0E6 /* Other.swift */; };
		537F47152B281721005AA0E6 /* DiamondPearl.swift in Sources */ = {isa = PBXBuildFile; fileRef = 537F46E62B281720005AA0E6 /* DiamondPearl.swift */; };
		537F47162B281721005AA0E6 /* DreamWorld.swift in Sources */ = {isa = PBXBuildFile; fileRef = 537F46E72B281720005AA0E6 /* DreamWorld.swift */; };
		537F47172B281721005AA0E6 /* UltraSunUltraMoon.swift in Sources */ = {isa = PBXBuildFile; fileRef = 537F46E82B281720005AA0E6 /* UltraSunUltraMoon.swift */; };
		537F47182B281721005AA0E6 /* GenerationViii.swift in Sources */ = {isa = PBXBuildFile; fileRef = 537F46E92B281720005AA0E6 /* GenerationViii.swift */; };
		537F47192B281721005AA0E6 /* Stat.swift in Sources */ = {isa = PBXBuildFile; fileRef = 537F46EA2B281720005AA0E6 /* Stat.swift */; };
		537F471A2B281721005AA0E6 /* MoveLearnMethod.swift in Sources */ = {isa = PBXBuildFile; fileRef = 537F46EB2B281720005AA0E6 /* MoveLearnMethod.swift */; };
		537F471B2B281721005AA0E6 /* Types.swift in Sources */ = {isa = PBXBuildFile; fileRef = 537F46EC2B281720005AA0E6 /* Types.swift */; };
		5382A63F2B15DD8E00C1671B /* AppDelegate.swift in Sources */ = {isa = PBXBuildFile; fileRef = 5382A63E2B15DD8E00C1671B /* AppDelegate.swift */; };
		5382A6412B15DD8E00C1671B /* SceneDelegate.swift in Sources */ = {isa = PBXBuildFile; fileRef = 5382A6402B15DD8E00C1671B /* SceneDelegate.swift */; };
		5382A6432B15DD8E00C1671B /* MainView.swift in Sources */ = {isa = PBXBuildFile; fileRef = 5382A6422B15DD8E00C1671B /* MainView.swift */; };
		5382A6482B15DDA500C1671B /* Assets.xcassets in Resources */ = {isa = PBXBuildFile; fileRef = 5382A6472B15DDA500C1671B /* Assets.xcassets */; };
		5382A6562B15DDA600C1671B /* PokemonAppTests.swift in Sources */ = {isa = PBXBuildFile; fileRef = 5382A6552B15DDA600C1671B /* PokemonAppTests.swift */; };
		5382A6602B15DDA600C1671B /* PokemonAppUITests.swift in Sources */ = {isa = PBXBuildFile; fileRef = 5382A65F2B15DDA600C1671B /* PokemonAppUITests.swift */; };
		5382A6622B15DDA600C1671B /* PokemonAppUITestsLaunchTests.swift in Sources */ = {isa = PBXBuildFile; fileRef = 5382A6612B15DDA600C1671B /* PokemonAppUITestsLaunchTests.swift */; };
		5382A66F2B15E73E00C1671B /* Launch Screen.storyboard in Resources */ = {isa = PBXBuildFile; fileRef = 5382A66E2B15E73E00C1671B /* Launch Screen.storyboard */; };
		5382A6722B17400B00C1671B /* LoginView.swift in Sources */ = {isa = PBXBuildFile; fileRef = 5382A6712B17400B00C1671B /* LoginView.swift */; };
		5382A68C2B1DD1C700C1671B /* FirebaseAuth in Frameworks */ = {isa = PBXBuildFile; productRef = 5382A68B2B1DD1C700C1671B /* FirebaseAuth */; };
		5382A68E2B1DD1C700C1671B /* FirebaseFirestore in Frameworks */ = {isa = PBXBuildFile; productRef = 5382A68D2B1DD1C700C1671B /* FirebaseFirestore */; };
		5382A6912B1DD22400C1671B /* GoogleSignIn in Frameworks */ = {isa = PBXBuildFile; productRef = 5382A6902B1DD22400C1671B /* GoogleSignIn */; };
		5382A6932B1DD49F00C1671B /* GoogleService-Info.plist in Resources */ = {isa = PBXBuildFile; fileRef = 5382A6922B1DD49F00C1671B /* GoogleService-Info.plist */; };
		5382A6972B1DD8FC00C1671B /* AppUser.swift in Sources */ = {isa = PBXBuildFile; fileRef = 5382A6962B1DD8FC00C1671B /* AppUser.swift */; };
		5382A6992B1DD96E00C1671B /* AuthenticationViewModel.swift in Sources */ = {isa = PBXBuildFile; fileRef = 5382A6982B1DD96E00C1671B /* AuthenticationViewModel.swift */; };
		5382A69B2B1DDC8900C1671B /* GoogleAuthentication.swift in Sources */ = {isa = PBXBuildFile; fileRef = 5382A69A2B1DDC8900C1671B /* GoogleAuthentication.swift */; };
		5382A69D2B1DDD1300C1671B /* FirebaseAnalytics in Frameworks */ = {isa = PBXBuildFile; productRef = 5382A69C2B1DDD1300C1671B /* FirebaseAnalytics */; };
		5382A6A22B1DE28300C1671B /* Main.storyboard in Resources */ = {isa = PBXBuildFile; fileRef = 5382A6A02B1DE28300C1671B /* Main.storyboard */; };
		538ED7892B21824300CBDC04 /* PokemonViewModel.swift in Sources */ = {isa = PBXBuildFile; fileRef = 538ED7882B21824300CBDC04 /* PokemonViewModel.swift */; };
		538ED78B2B218A7C00CBDC04 /* URL+Extension.swift in Sources */ = {isa = PBXBuildFile; fileRef = 538ED78A2B218A7C00CBDC04 /* URL+Extension.swift */; };
		538ED78D2B21BB2500CBDC04 /* PokeSpeciesModel.swift in Sources */ = {isa = PBXBuildFile; fileRef = 538ED78C2B21BB2500CBDC04 /* PokeSpeciesModel.swift */; };
		6F84CE11BFB105CB5D9D7E27 /* Pods_PokemonAppTests.framework in Frameworks */ = {isa = PBXBuildFile; fileRef = 56502A92670C814A898C40BF /* Pods_PokemonAppTests.framework */; };
		B66EE2C074850328B1B90BF1 /* Pods_PokemonApp.framework in Frameworks */ = {isa = PBXBuildFile; fileRef = EF67D042E111E56112AB3943 /* Pods_PokemonApp.framework */; };
/* End PBXBuildFile section */

/* Begin PBXContainerItemProxy section */
		5382A6522B15DDA600C1671B /* PBXContainerItemProxy */ = {
			isa = PBXContainerItemProxy;
			containerPortal = 5382A6332B15DD8E00C1671B /* Project object */;
			proxyType = 1;
			remoteGlobalIDString = 5382A63A2B15DD8E00C1671B;
			remoteInfo = PokemonApp;
		};
		5382A65C2B15DDA600C1671B /* PBXContainerItemProxy */ = {
			isa = PBXContainerItemProxy;
			containerPortal = 5382A6332B15DD8E00C1671B /* Project object */;
			proxyType = 1;
			remoteGlobalIDString = 5382A63A2B15DD8E00C1671B;
			remoteInfo = PokemonApp;
		};
/* End PBXContainerItemProxy section */

/* Begin PBXFileReference section */
		53689F592B2073C700748595 /* PokeService.swift */ = {isa = PBXFileReference; lastKnownFileType = sourcecode.swift; path = PokeService.swift; sourceTree = "<group>"; };
		537CF2E72B29996D007AB133 /* PokemonCollectionView.swift */ = {isa = PBXFileReference; lastKnownFileType = sourcecode.swift; path = PokemonCollectionView.swift; sourceTree = "<group>"; };
		537CF2E92B299A6D007AB133 /* PokemonCollectionViewCell.swift */ = {isa = PBXFileReference; lastKnownFileType = sourcecode.swift; path = PokemonCollectionViewCell.swift; sourceTree = "<group>"; };
		537F44202B26ECF1005AA0E6 /* BattleView.swift */ = {isa = PBXFileReference; lastKnownFileType = sourcecode.swift; path = BattleView.swift; sourceTree = "<group>"; };
		537F46BE2B281720005AA0E6 /* GenerationIii.swift */ = {isa = PBXFileReference; fileEncoding = 4; lastKnownFileType = sourcecode.swift; path = GenerationIii.swift; sourceTree = "<group>"; };
		537F46BF2B281720005AA0E6 /* Move.swift */ = {isa = PBXFileReference; fileEncoding = 4; lastKnownFileType = sourcecode.swift; path = Move.swift; sourceTree = "<group>"; };
		537F46C02B281720005AA0E6 /* Silver.swift */ = {isa = PBXFileReference; fileEncoding = 4; lastKnownFileType = sourcecode.swift; path = Silver.swift; sourceTree = "<group>"; };
		537F46C12B281720005AA0E6 /* BlackWhite.swift */ = {isa = PBXFileReference; fileEncoding = 4; lastKnownFileType = sourcecode.swift; path = BlackWhite.swift; sourceTree = "<group>"; };
		537F46C22B281720005AA0E6 /* Forms.swift */ = {isa = PBXFileReference; fileEncoding = 4; lastKnownFileType = sourcecode.swift; path = Forms.swift; sourceTree = "<group>"; };
		537F46C32B281720005AA0E6 /* Sprites.swift */ = {isa = PBXFileReference; fileEncoding = 4; lastKnownFileType = sourcecode.swift; path = Sprites.swift; sourceTree = "<group>"; };
		537F46C42B281720005AA0E6 /* Versions.swift */ = {isa = PBXFileReference; fileEncoding = 4; lastKnownFileType = sourcecode.swift; path = Versions.swift; sourceTree = "<group>"; };
		537F46C52B281720005AA0E6 /* VersionGroupDetails.swift */ = {isa = PBXFileReference; fileEncoding = 4; lastKnownFileType = sourcecode.swift; path = VersionGroupDetails.swift; sourceTree = "<group>"; };
		537F46C62B281720005AA0E6 /* Ability.swift */ = {isa = PBXFileReference; fileEncoding = 4; lastKnownFileType = sourcecode.swift; path = Ability.swift; sourceTree = "<group>"; };
		537F46C72B281720005AA0E6 /* GenerationVii.swift */ = {isa = PBXFileReference; fileEncoding = 4; lastKnownFileType = sourcecode.swift; path = GenerationVii.swift; sourceTree = "<group>"; };
		537F46C82B281720005AA0E6 /* GenerationIv.swift */ = {isa = PBXFileReference; fileEncoding = 4; lastKnownFileType = sourcecode.swift; path = GenerationIv.swift; sourceTree = "<group>"; };
		537F46C92B281720005AA0E6 /* Type.swift */ = {isa = PBXFileReference; fileEncoding = 4; lastKnownFileType = sourcecode.swift; path = Type.swift; sourceTree = "<group>"; };
		537F46CA2B281720005AA0E6 /* GameIndices.swift */ = {isa = PBXFileReference; fileEncoding = 4; lastKnownFileType = sourcecode.swift; path = GameIndices.swift; sourceTree = "<group>"; };
		537F46CB2B281720005AA0E6 /* FireredLeafgreen.swift */ = {isa = PBXFileReference; fileEncoding = 4; lastKnownFileType = sourcecode.swift; path = FireredLeafgreen.swift; sourceTree = "<group>"; };
		537F46CC2B281720005AA0E6 /* Abilities.swift */ = {isa = PBXFileReference; fileEncoding = 4; lastKnownFileType = sourcecode.swift; path = Abilities.swift; sourceTree = "<group>"; };
		537F46CD2B281720005AA0E6 /* OfficialArtwork.swift */ = {isa = PBXFileReference; fileEncoding = 4; lastKnownFileType = sourcecode.swift; path = OfficialArtwork.swift; sourceTree = "<group>"; };
		537F46CE2B281720005AA0E6 /* PokemonData.swift */ = {isa = PBXFileReference; fileEncoding = 4; lastKnownFileType = sourcecode.swift; path = PokemonData.swift; sourceTree = "<group>"; };
		537F46CF2B281720005AA0E6 /* GenerationV.swift */ = {isa = PBXFileReference; fileEncoding = 4; lastKnownFileType = sourcecode.swift; path = GenerationV.swift; sourceTree = "<group>"; };
		537F46D02B281720005AA0E6 /* OmegarubyAlphasapphire.swift */ = {isa = PBXFileReference; fileEncoding = 4; lastKnownFileType = sourcecode.swift; path = OmegarubyAlphasapphire.swift; sourceTree = "<group>"; };
		537F46D12B281720005AA0E6 /* Version.swift */ = {isa = PBXFileReference; fileEncoding = 4; lastKnownFileType = sourcecode.swift; path = Version.swift; sourceTree = "<group>"; };
		537F46D22B281720005AA0E6 /* VersionGroup.swift */ = {isa = PBXFileReference; fileEncoding = 4; lastKnownFileType = sourcecode.swift; path = VersionGroup.swift; sourceTree = "<group>"; };
		537F46D32B281720005AA0E6 /* Home.swift */ = {isa = PBXFileReference; fileEncoding = 4; lastKnownFileType = sourcecode.swift; path = Home.swift; sourceTree = "<group>"; };
		537F46D42B281720005AA0E6 /* Gold.swift */ = {isa = PBXFileReference; fileEncoding = 4; lastKnownFileType = sourcecode.swift; path = Gold.swift; sourceTree = "<group>"; };
		537F46D52B281720005AA0E6 /* GenerationI.swift */ = {isa = PBXFileReference; fileEncoding = 4; lastKnownFileType = sourcecode.swift; path = GenerationI.swift; sourceTree = "<group>"; };
		537F46D62B281720005AA0E6 /* Animated.swift */ = {isa = PBXFileReference; fileEncoding = 4; lastKnownFileType = sourcecode.swift; path = Animated.swift; sourceTree = "<group>"; };
		537F46D72B281720005AA0E6 /* GenerationIi.swift */ = {isa = PBXFileReference; fileEncoding = 4; lastKnownFileType = sourcecode.swift; path = GenerationIi.swift; sourceTree = "<group>"; };
		537F46D82B281720005AA0E6 /* Icons.swift */ = {isa = PBXFileReference; fileEncoding = 4; lastKnownFileType = sourcecode.swift; path = Icons.swift; sourceTree = "<group>"; };
		537F46D92B281720005AA0E6 /* Crystal.swift */ = {isa = PBXFileReference; fileEncoding = 4; lastKnownFileType = sourcecode.swift; path = Crystal.swift; sourceTree = "<group>"; };
		537F46DA2B281720005AA0E6 /* Moves.swift */ = {isa = PBXFileReference; fileEncoding = 4; lastKnownFileType = sourcecode.swift; path = Moves.swift; sourceTree = "<group>"; };
		537F46DB2B281720005AA0E6 /* Emerald.swift */ = {isa = PBXFileReference; fileEncoding = 4; lastKnownFileType = sourcecode.swift; path = Emerald.swift; sourceTree = "<group>"; };
		537F46DC2B281720005AA0E6 /* Platinum.swift */ = {isa = PBXFileReference; fileEncoding = 4; lastKnownFileType = sourcecode.swift; path = Platinum.swift; sourceTree = "<group>"; };
		537F46DD2B281720005AA0E6 /* RubySapphire.swift */ = {isa = PBXFileReference; fileEncoding = 4; lastKnownFileType = sourcecode.swift; path = RubySapphire.swift; sourceTree = "<group>"; };
		537F46DE2B281720005AA0E6 /* HeartgoldSoulsilver.swift */ = {isa = PBXFileReference; fileEncoding = 4; lastKnownFileType = sourcecode.swift; path = HeartgoldSoulsilver.swift; sourceTree = "<group>"; };
		537F46DF2B281720005AA0E6 /* RedBlue.swift */ = {isa = PBXFileReference; fileEncoding = 4; lastKnownFileType = sourcecode.swift; path = RedBlue.swift; sourceTree = "<group>"; };
		537F46E02B281720005AA0E6 /* Yellow.swift */ = {isa = PBXFileReference; fileEncoding = 4; lastKnownFileType = sourcecode.swift; path = Yellow.swift; sourceTree = "<group>"; };
		537F46E12B281720005AA0E6 /* Species.swift */ = {isa = PBXFileReference; fileEncoding = 4; lastKnownFileType = sourcecode.swift; path = Species.swift; sourceTree = "<group>"; };
		537F46E22B281720005AA0E6 /* GenerationVi.swift */ = {isa = PBXFileReference; fileEncoding = 4; lastKnownFileType = sourcecode.swift; path = GenerationVi.swift; sourceTree = "<group>"; };
		537F46E32B281720005AA0E6 /* XY.swift */ = {isa = PBXFileReference; fileEncoding = 4; lastKnownFileType = sourcecode.swift; path = XY.swift; sourceTree = "<group>"; };
		537F46E42B281720005AA0E6 /* Stats.swift */ = {isa = PBXFileReference; fileEncoding = 4; lastKnownFileType = sourcecode.swift; path = Stats.swift; sourceTree = "<group>"; };
		537F46E52B281720005AA0E6 /* Other.swift */ = {isa = PBXFileReference; fileEncoding = 4; lastKnownFileType = sourcecode.swift; path = Other.swift; sourceTree = "<group>"; };
		537F46E62B281720005AA0E6 /* DiamondPearl.swift */ = {isa = PBXFileReference; fileEncoding = 4; lastKnownFileType = sourcecode.swift; path = DiamondPearl.swift; sourceTree = "<group>"; };
		537F46E72B281720005AA0E6 /* DreamWorld.swift */ = {isa = PBXFileReference; fileEncoding = 4; lastKnownFileType = sourcecode.swift; path = DreamWorld.swift; sourceTree = "<group>"; };
		537F46E82B281720005AA0E6 /* UltraSunUltraMoon.swift */ = {isa = PBXFileReference; fileEncoding = 4; lastKnownFileType = sourcecode.swift; path = UltraSunUltraMoon.swift; sourceTree = "<group>"; };
		537F46E92B281720005AA0E6 /* GenerationViii.swift */ = {isa = PBXFileReference; fileEncoding = 4; lastKnownFileType = sourcecode.swift; path = GenerationViii.swift; sourceTree = "<group>"; };
		537F46EA2B281720005AA0E6 /* Stat.swift */ = {isa = PBXFileReference; fileEncoding = 4; lastKnownFileType = sourcecode.swift; path = Stat.swift; sourceTree = "<group>"; };
		537F46EB2B281720005AA0E6 /* MoveLearnMethod.swift */ = {isa = PBXFileReference; fileEncoding = 4; lastKnownFileType = sourcecode.swift; path = MoveLearnMethod.swift; sourceTree = "<group>"; };
		537F46EC2B281720005AA0E6 /* Types.swift */ = {isa = PBXFileReference; fileEncoding = 4; lastKnownFileType = sourcecode.swift; path = Types.swift; sourceTree = "<group>"; };
		5382A63B2B15DD8E00C1671B /* PokemonApp.app */ = {isa = PBXFileReference; explicitFileType = wrapper.application; includeInIndex = 0; path = PokemonApp.app; sourceTree = BUILT_PRODUCTS_DIR; };
		5382A63E2B15DD8E00C1671B /* AppDelegate.swift */ = {isa = PBXFileReference; lastKnownFileType = sourcecode.swift; path = AppDelegate.swift; sourceTree = "<group>"; };
		5382A6402B15DD8E00C1671B /* SceneDelegate.swift */ = {isa = PBXFileReference; lastKnownFileType = sourcecode.swift; path = SceneDelegate.swift; sourceTree = "<group>"; };
		5382A6422B15DD8E00C1671B /* MainView.swift */ = {isa = PBXFileReference; lastKnownFileType = sourcecode.swift; path = MainView.swift; sourceTree = "<group>"; };
		5382A6472B15DDA500C1671B /* Assets.xcassets */ = {isa = PBXFileReference; lastKnownFileType = folder.assetcatalog; path = Assets.xcassets; sourceTree = "<group>"; };
		5382A64C2B15DDA500C1671B /* Info.plist */ = {isa = PBXFileReference; lastKnownFileType = text.plist.xml; path = Info.plist; sourceTree = "<group>"; };
		5382A6512B15DDA600C1671B /* PokemonAppTests.xctest */ = {isa = PBXFileReference; explicitFileType = wrapper.cfbundle; includeInIndex = 0; path = PokemonAppTests.xctest; sourceTree = BUILT_PRODUCTS_DIR; };
		5382A6552B15DDA600C1671B /* PokemonAppTests.swift */ = {isa = PBXFileReference; lastKnownFileType = sourcecode.swift; path = PokemonAppTests.swift; sourceTree = "<group>"; };
		5382A65B2B15DDA600C1671B /* PokemonAppUITests.xctest */ = {isa = PBXFileReference; explicitFileType = wrapper.cfbundle; includeInIndex = 0; path = PokemonAppUITests.xctest; sourceTree = BUILT_PRODUCTS_DIR; };
		5382A65F2B15DDA600C1671B /* PokemonAppUITests.swift */ = {isa = PBXFileReference; lastKnownFileType = sourcecode.swift; path = PokemonAppUITests.swift; sourceTree = "<group>"; };
		5382A6612B15DDA600C1671B /* PokemonAppUITestsLaunchTests.swift */ = {isa = PBXFileReference; lastKnownFileType = sourcecode.swift; path = PokemonAppUITestsLaunchTests.swift; sourceTree = "<group>"; };
		5382A66E2B15E73E00C1671B /* Launch Screen.storyboard */ = {isa = PBXFileReference; lastKnownFileType = file.storyboard; path = "Launch Screen.storyboard"; sourceTree = "<group>"; };
		5382A6712B17400B00C1671B /* LoginView.swift */ = {isa = PBXFileReference; lastKnownFileType = sourcecode.swift; path = LoginView.swift; sourceTree = "<group>"; };
		5382A6922B1DD49F00C1671B /* GoogleService-Info.plist */ = {isa = PBXFileReference; fileEncoding = 4; lastKnownFileType = text.plist.xml; name = "GoogleService-Info.plist"; path = "../../../../Downloads/GoogleService-Info.plist"; sourceTree = "<group>"; };
		5382A6962B1DD8FC00C1671B /* AppUser.swift */ = {isa = PBXFileReference; lastKnownFileType = sourcecode.swift; path = AppUser.swift; sourceTree = "<group>"; };
		5382A6982B1DD96E00C1671B /* AuthenticationViewModel.swift */ = {isa = PBXFileReference; lastKnownFileType = sourcecode.swift; path = AuthenticationViewModel.swift; sourceTree = "<group>"; };
		5382A69A2B1DDC8900C1671B /* GoogleAuthentication.swift */ = {isa = PBXFileReference; lastKnownFileType = sourcecode.swift; path = GoogleAuthentication.swift; sourceTree = "<group>"; };
		5382A6A12B1DE28300C1671B /* Base */ = {isa = PBXFileReference; lastKnownFileType = file.storyboard; name = Base; path = Base.lproj/Main.storyboard; sourceTree = "<group>"; };
		538ED7882B21824300CBDC04 /* PokemonViewModel.swift */ = {isa = PBXFileReference; lastKnownFileType = sourcecode.swift; path = PokemonViewModel.swift; sourceTree = "<group>"; };
		538ED78A2B218A7C00CBDC04 /* URL+Extension.swift */ = {isa = PBXFileReference; lastKnownFileType = sourcecode.swift; path = "URL+Extension.swift"; sourceTree = "<group>"; };
		538ED78C2B21BB2500CBDC04 /* PokeSpeciesModel.swift */ = {isa = PBXFileReference; lastKnownFileType = sourcecode.swift; path = PokeSpeciesModel.swift; sourceTree = "<group>"; };
		56502A92670C814A898C40BF /* Pods_PokemonAppTests.framework */ = {isa = PBXFileReference; explicitFileType = wrapper.framework; includeInIndex = 0; path = Pods_PokemonAppTests.framework; sourceTree = BUILT_PRODUCTS_DIR; };
		697D6434E7B54C72AF62AFBC /* Pods-PokemonApp-PokemonAppUITests.debug.xcconfig */ = {isa = PBXFileReference; includeInIndex = 1; lastKnownFileType = text.xcconfig; name = "Pods-PokemonApp-PokemonAppUITests.debug.xcconfig"; path = "Target Support Files/Pods-PokemonApp-PokemonAppUITests/Pods-PokemonApp-PokemonAppUITests.debug.xcconfig"; sourceTree = "<group>"; };
		6F3232DF93D70EA56DCD42B0 /* Pods-PokemonAppTests.debug.xcconfig */ = {isa = PBXFileReference; includeInIndex = 1; lastKnownFileType = text.xcconfig; name = "Pods-PokemonAppTests.debug.xcconfig"; path = "Target Support Files/Pods-PokemonAppTests/Pods-PokemonAppTests.debug.xcconfig"; sourceTree = "<group>"; };
		9B8320F5B2A58B20D3D7668F /* Pods-PokemonApp.debug.xcconfig */ = {isa = PBXFileReference; includeInIndex = 1; lastKnownFileType = text.xcconfig; name = "Pods-PokemonApp.debug.xcconfig"; path = "Target Support Files/Pods-PokemonApp/Pods-PokemonApp.debug.xcconfig"; sourceTree = "<group>"; };
		C184D8BED745F22C978226B6 /* Pods-PokemonAppTests.release.xcconfig */ = {isa = PBXFileReference; includeInIndex = 1; lastKnownFileType = text.xcconfig; name = "Pods-PokemonAppTests.release.xcconfig"; path = "Target Support Files/Pods-PokemonAppTests/Pods-PokemonAppTests.release.xcconfig"; sourceTree = "<group>"; };
		EA7BC1BB53D87406DCF90915 /* Pods_PokemonApp_PokemonAppUITests.framework */ = {isa = PBXFileReference; explicitFileType = wrapper.framework; includeInIndex = 0; path = Pods_PokemonApp_PokemonAppUITests.framework; sourceTree = BUILT_PRODUCTS_DIR; };
		EB522BE2E95299E490C8F364 /* Pods-PokemonApp-PokemonAppUITests.release.xcconfig */ = {isa = PBXFileReference; includeInIndex = 1; lastKnownFileType = text.xcconfig; name = "Pods-PokemonApp-PokemonAppUITests.release.xcconfig"; path = "Target Support Files/Pods-PokemonApp-PokemonAppUITests/Pods-PokemonApp-PokemonAppUITests.release.xcconfig"; sourceTree = "<group>"; };
		EF67D042E111E56112AB3943 /* Pods_PokemonApp.framework */ = {isa = PBXFileReference; explicitFileType = wrapper.framework; includeInIndex = 0; path = Pods_PokemonApp.framework; sourceTree = BUILT_PRODUCTS_DIR; };
		EF89A260643178AC61733021 /* Pods-PokemonApp.release.xcconfig */ = {isa = PBXFileReference; includeInIndex = 1; lastKnownFileType = text.xcconfig; name = "Pods-PokemonApp.release.xcconfig"; path = "Target Support Files/Pods-PokemonApp/Pods-PokemonApp.release.xcconfig"; sourceTree = "<group>"; };
/* End PBXFileReference section */

/* Begin PBXFrameworksBuildPhase section */
		5382A6382B15DD8E00C1671B /* Frameworks */ = {
			isa = PBXFrameworksBuildPhase;
			buildActionMask = 2147483647;
			files = (
				5382A68E2B1DD1C700C1671B /* FirebaseFirestore in Frameworks */,
				5382A68C2B1DD1C700C1671B /* FirebaseAuth in Frameworks */,
				5382A69D2B1DDD1300C1671B /* FirebaseAnalytics in Frameworks */,
				5382A6912B1DD22400C1671B /* GoogleSignIn in Frameworks */,
				B66EE2C074850328B1B90BF1 /* Pods_PokemonApp.framework in Frameworks */,
			);
			runOnlyForDeploymentPostprocessing = 0;
		};
		5382A64E2B15DDA600C1671B /* Frameworks */ = {
			isa = PBXFrameworksBuildPhase;
			buildActionMask = 2147483647;
			files = (
				6F84CE11BFB105CB5D9D7E27 /* Pods_PokemonAppTests.framework in Frameworks */,
			);
			runOnlyForDeploymentPostprocessing = 0;
		};
		5382A6582B15DDA600C1671B /* Frameworks */ = {
			isa = PBXFrameworksBuildPhase;
			buildActionMask = 2147483647;
			files = (
				496C679574AE4FEB2F329537 /* Pods_PokemonApp_PokemonAppUITests.framework in Frameworks */,
			);
			runOnlyForDeploymentPostprocessing = 0;
		};
/* End PBXFrameworksBuildPhase section */

/* Begin PBXGroup section */
		537F46BD2B281720005AA0E6 /* PokeModel */ = {
			isa = PBXGroup;
			children = (
				537F46CE2B281720005AA0E6 /* PokemonData.swift */,
				537F46BE2B281720005AA0E6 /* GenerationIii.swift */,
				537F46BF2B281720005AA0E6 /* Move.swift */,
				537F46C02B281720005AA0E6 /* Silver.swift */,
				537F46C12B281720005AA0E6 /* BlackWhite.swift */,
				537F46C22B281720005AA0E6 /* Forms.swift */,
				537F46C32B281720005AA0E6 /* Sprites.swift */,
				537F46C42B281720005AA0E6 /* Versions.swift */,
				537F46C52B281720005AA0E6 /* VersionGroupDetails.swift */,
				537F46C62B281720005AA0E6 /* Ability.swift */,
				537F46C72B281720005AA0E6 /* GenerationVii.swift */,
				537F46C82B281720005AA0E6 /* GenerationIv.swift */,
				537F46CA2B281720005AA0E6 /* GameIndices.swift */,
				537F46C92B281720005AA0E6 /* Type.swift */,
				537F46EC2B281720005AA0E6 /* Types.swift */,
				537F46CB2B281720005AA0E6 /* FireredLeafgreen.swift */,
				537F46CC2B281720005AA0E6 /* Abilities.swift */,
				537F46CD2B281720005AA0E6 /* OfficialArtwork.swift */,
				537F46CF2B281720005AA0E6 /* GenerationV.swift */,
				537F46D02B281720005AA0E6 /* OmegarubyAlphasapphire.swift */,
				537F46D12B281720005AA0E6 /* Version.swift */,
				537F46D22B281720005AA0E6 /* VersionGroup.swift */,
				537F46D32B281720005AA0E6 /* Home.swift */,
				537F46D42B281720005AA0E6 /* Gold.swift */,
				537F46D52B281720005AA0E6 /* GenerationI.swift */,
				537F46D62B281720005AA0E6 /* Animated.swift */,
				537F46D72B281720005AA0E6 /* GenerationIi.swift */,
				537F46D82B281720005AA0E6 /* Icons.swift */,
				537F46D92B281720005AA0E6 /* Crystal.swift */,
				537F46DA2B281720005AA0E6 /* Moves.swift */,
				537F46DB2B281720005AA0E6 /* Emerald.swift */,
				537F46DC2B281720005AA0E6 /* Platinum.swift */,
				537F46DD2B281720005AA0E6 /* RubySapphire.swift */,
				537F46DE2B281720005AA0E6 /* HeartgoldSoulsilver.swift */,
				537F46DF2B281720005AA0E6 /* RedBlue.swift */,
				537F46E02B281720005AA0E6 /* Yellow.swift */,
				537F46E12B281720005AA0E6 /* Species.swift */,
				537F46E22B281720005AA0E6 /* GenerationVi.swift */,
				537F46E32B281720005AA0E6 /* XY.swift */,
				537F46E42B281720005AA0E6 /* Stats.swift */,
				537F46EA2B281720005AA0E6 /* Stat.swift */,
				537F46E52B281720005AA0E6 /* Other.swift */,
				537F46E62B281720005AA0E6 /* DiamondPearl.swift */,
				537F46E72B281720005AA0E6 /* DreamWorld.swift */,
				537F46E82B281720005AA0E6 /* UltraSunUltraMoon.swift */,
				537F46E92B281720005AA0E6 /* GenerationViii.swift */,
				537F46EB2B281720005AA0E6 /* MoveLearnMethod.swift */,
			);
			name = PokeModel;
			path = ../../../../../Downloads/PokeModel;
			sourceTree = "<group>";
		};
		5382A6322B15DD8E00C1671B = {
			isa = PBXGroup;
			children = (
				5382A63D2B15DD8E00C1671B /* PokemonApp */,
				5382A6542B15DDA600C1671B /* PokemonAppTests */,
				5382A65E2B15DDA600C1671B /* PokemonAppUITests */,
				5382A63C2B15DD8E00C1671B /* Products */,
				E48F0E4ECE8E27D8F6E1C898 /* Pods */,
				91DEFE579270849FC121A5F9 /* Frameworks */,
			);
			sourceTree = "<group>";
		};
		5382A63C2B15DD8E00C1671B /* Products */ = {
			isa = PBXGroup;
			children = (
				5382A63B2B15DD8E00C1671B /* PokemonApp.app */,
				5382A6512B15DDA600C1671B /* PokemonAppTests.xctest */,
				5382A65B2B15DDA600C1671B /* PokemonAppUITests.xctest */,
			);
			name = Products;
			sourceTree = "<group>";
		};
		5382A63D2B15DD8E00C1671B /* PokemonApp */ = {
			isa = PBXGroup;
			children = (
				5382A6922B1DD49F00C1671B /* GoogleService-Info.plist */,
				5382A63E2B15DD8E00C1671B /* AppDelegate.swift */,
				5382A6402B15DD8E00C1671B /* SceneDelegate.swift */,
				5382A6862B1B5D9900C1671B /* Model */,
				5382A6892B1B5DEA00C1671B /* View */,
				5382A6872B1B5DA000C1671B /* Services */,
				5382A6882B1B5DB700C1671B /* ViewModel */,
				5382A6472B15DDA500C1671B /* Assets.xcassets */,
				5382A66E2B15E73E00C1671B /* Launch Screen.storyboard */,
				5382A64C2B15DDA500C1671B /* Info.plist */,
			);
			path = PokemonApp;
			sourceTree = "<group>";
		};
		5382A6542B15DDA600C1671B /* PokemonAppTests */ = {
			isa = PBXGroup;
			children = (
				5382A6552B15DDA600C1671B /* PokemonAppTests.swift */,
			);
			path = PokemonAppTests;
			sourceTree = "<group>";
		};
		5382A65E2B15DDA600C1671B /* PokemonAppUITests */ = {
			isa = PBXGroup;
			children = (
				5382A65F2B15DDA600C1671B /* PokemonAppUITests.swift */,
				5382A6612B15DDA600C1671B /* PokemonAppUITestsLaunchTests.swift */,
			);
			path = PokemonAppUITests;
			sourceTree = "<group>";
		};
		5382A6862B1B5D9900C1671B /* Model */ = {
			isa = PBXGroup;
			children = (
				537F46BD2B281720005AA0E6 /* PokeModel */,
				5382A6962B1DD8FC00C1671B /* AppUser.swift */,
				538ED78C2B21BB2500CBDC04 /* PokeSpeciesModel.swift */,
				538ED78A2B218A7C00CBDC04 /* URL+Extension.swift */,
			);
			path = Model;
			sourceTree = "<group>";
		};
		5382A6872B1B5DA000C1671B /* Services */ = {
			isa = PBXGroup;
			children = (
				5382A69A2B1DDC8900C1671B /* GoogleAuthentication.swift */,
				53689F592B2073C700748595 /* PokeService.swift */,
			);
			path = Services;
			sourceTree = "<group>";
		};
		5382A6882B1B5DB700C1671B /* ViewModel */ = {
			isa = PBXGroup;
			children = (
				5382A6982B1DD96E00C1671B /* AuthenticationViewModel.swift */,
				538ED7882B21824300CBDC04 /* PokemonViewModel.swift */,
			);
			path = ViewModel;
			sourceTree = "<group>";
		};
		5382A6892B1B5DEA00C1671B /* View */ = {
			isa = PBXGroup;
			children = (
				5382A6A02B1DE28300C1671B /* Main.storyboard */,
				5382A6712B17400B00C1671B /* LoginView.swift */,
				5382A6422B15DD8E00C1671B /* MainView.swift */,
				537F44202B26ECF1005AA0E6 /* BattleView.swift */,
				537CF2E72B29996D007AB133 /* PokemonCollectionView.swift */,
				537CF2E92B299A6D007AB133 /* PokemonCollectionViewCell.swift */,
			);
			path = View;
			sourceTree = "<group>";
		};
		91DEFE579270849FC121A5F9 /* Frameworks */ = {
			isa = PBXGroup;
			children = (
				EF67D042E111E56112AB3943 /* Pods_PokemonApp.framework */,
				EA7BC1BB53D87406DCF90915 /* Pods_PokemonApp_PokemonAppUITests.framework */,
				56502A92670C814A898C40BF /* Pods_PokemonAppTests.framework */,
			);
			name = Frameworks;
			sourceTree = "<group>";
		};
		E48F0E4ECE8E27D8F6E1C898 /* Pods */ = {
			isa = PBXGroup;
			children = (
				9B8320F5B2A58B20D3D7668F /* Pods-PokemonApp.debug.xcconfig */,
				EF89A260643178AC61733021 /* Pods-PokemonApp.release.xcconfig */,
				697D6434E7B54C72AF62AFBC /* Pods-PokemonApp-PokemonAppUITests.debug.xcconfig */,
				EB522BE2E95299E490C8F364 /* Pods-PokemonApp-PokemonAppUITests.release.xcconfig */,
				6F3232DF93D70EA56DCD42B0 /* Pods-PokemonAppTests.debug.xcconfig */,
				C184D8BED745F22C978226B6 /* Pods-PokemonAppTests.release.xcconfig */,
			);
			path = Pods;
			sourceTree = "<group>";
		};
/* End PBXGroup section */

/* Begin PBXNativeTarget section */
		5382A63A2B15DD8E00C1671B /* PokemonApp */ = {
			isa = PBXNativeTarget;
			buildConfigurationList = 5382A6652B15DDA600C1671B /* Build configuration list for PBXNativeTarget "PokemonApp" */;
			buildPhases = (
				40FCFCE1A0BF223A0797F2B2 /* [CP] Check Pods Manifest.lock */,
				5382A6372B15DD8E00C1671B /* Sources */,
				5382A6382B15DD8E00C1671B /* Frameworks */,
				5382A6392B15DD8E00C1671B /* Resources */,
				66355DB4247CF35EF27BF2ED /* [CP] Embed Pods Frameworks */,
			);
			buildRules = (
			);
			dependencies = (
			);
			name = PokemonApp;
			packageProductDependencies = (
				5382A68B2B1DD1C700C1671B /* FirebaseAuth */,
				5382A68D2B1DD1C700C1671B /* FirebaseFirestore */,
				5382A6902B1DD22400C1671B /* GoogleSignIn */,
				5382A69C2B1DDD1300C1671B /* FirebaseAnalytics */,
			);
			productName = PokemonApp;
			productReference = 5382A63B2B15DD8E00C1671B /* PokemonApp.app */;
			productType = "com.apple.product-type.application";
		};
		5382A6502B15DDA600C1671B /* PokemonAppTests */ = {
			isa = PBXNativeTarget;
			buildConfigurationList = 5382A6682B15DDA600C1671B /* Build configuration list for PBXNativeTarget "PokemonAppTests" */;
			buildPhases = (
				107E753AB857A589FC9745E6 /* [CP] Check Pods Manifest.lock */,
				5382A64D2B15DDA600C1671B /* Sources */,
				5382A64E2B15DDA600C1671B /* Frameworks */,
				5382A64F2B15DDA600C1671B /* Resources */,
			);
			buildRules = (
			);
			dependencies = (
				5382A6532B15DDA600C1671B /* PBXTargetDependency */,
			);
			name = PokemonAppTests;
			productName = PokemonAppTests;
			productReference = 5382A6512B15DDA600C1671B /* PokemonAppTests.xctest */;
			productType = "com.apple.product-type.bundle.unit-test";
		};
		5382A65A2B15DDA600C1671B /* PokemonAppUITests */ = {
			isa = PBXNativeTarget;
			buildConfigurationList = 5382A66B2B15DDA600C1671B /* Build configuration list for PBXNativeTarget "PokemonAppUITests" */;
			buildPhases = (
				79CCCFD8D33A32222DCB889C /* [CP] Check Pods Manifest.lock */,
				5382A6572B15DDA600C1671B /* Sources */,
				5382A6582B15DDA600C1671B /* Frameworks */,
				5382A6592B15DDA600C1671B /* Resources */,
				865235564C0797A93380DD6D /* [CP] Embed Pods Frameworks */,
			);
			buildRules = (
			);
			dependencies = (
				5382A65D2B15DDA600C1671B /* PBXTargetDependency */,
			);
			name = PokemonAppUITests;
			productName = PokemonAppUITests;
			productReference = 5382A65B2B15DDA600C1671B /* PokemonAppUITests.xctest */;
			productType = "com.apple.product-type.bundle.ui-testing";
		};
/* End PBXNativeTarget section */

/* Begin PBXProject section */
		5382A6332B15DD8E00C1671B /* Project object */ = {
			isa = PBXProject;
			attributes = {
				BuildIndependentTargetsInParallel = 1;
				LastSwiftUpdateCheck = 1500;
				LastUpgradeCheck = 1500;
				TargetAttributes = {
					5382A63A2B15DD8E00C1671B = {
						CreatedOnToolsVersion = 15.0.1;
					};
					5382A6502B15DDA600C1671B = {
						CreatedOnToolsVersion = 15.0.1;
						TestTargetID = 5382A63A2B15DD8E00C1671B;
					};
					5382A65A2B15DDA600C1671B = {
						CreatedOnToolsVersion = 15.0.1;
						TestTargetID = 5382A63A2B15DD8E00C1671B;
					};
				};
			};
			buildConfigurationList = 5382A6362B15DD8E00C1671B /* Build configuration list for PBXProject "PokemonApp" */;
			compatibilityVersion = "Xcode 14.0";
			developmentRegion = en;
			hasScannedForEncodings = 0;
			knownRegions = (
				en,
				Base,
			);
			mainGroup = 5382A6322B15DD8E00C1671B;
			packageReferences = (
				5382A68A2B1DD1C700C1671B /* XCRemoteSwiftPackageReference "firebase-ios-sdk" */,
				5382A68F2B1DD22400C1671B /* XCRemoteSwiftPackageReference "GoogleSignIn-iOS" */,
			);
			productRefGroup = 5382A63C2B15DD8E00C1671B /* Products */;
			projectDirPath = "";
			projectRoot = "";
			targets = (
				5382A63A2B15DD8E00C1671B /* PokemonApp */,
				5382A6502B15DDA600C1671B /* PokemonAppTests */,
				5382A65A2B15DDA600C1671B /* PokemonAppUITests */,
			);
		};
/* End PBXProject section */

/* Begin PBXResourcesBuildPhase section */
		5382A6392B15DD8E00C1671B /* Resources */ = {
			isa = PBXResourcesBuildPhase;
			buildActionMask = 2147483647;
			files = (
				5382A66F2B15E73E00C1671B /* Launch Screen.storyboard in Resources */,
				5382A6932B1DD49F00C1671B /* GoogleService-Info.plist in Resources */,
				5382A6482B15DDA500C1671B /* Assets.xcassets in Resources */,
				5382A6A22B1DE28300C1671B /* Main.storyboard in Resources */,
			);
			runOnlyForDeploymentPostprocessing = 0;
		};
		5382A64F2B15DDA600C1671B /* Resources */ = {
			isa = PBXResourcesBuildPhase;
			buildActionMask = 2147483647;
			files = (
			);
			runOnlyForDeploymentPostprocessing = 0;
		};
		5382A6592B15DDA600C1671B /* Resources */ = {
			isa = PBXResourcesBuildPhase;
			buildActionMask = 2147483647;
			files = (
			);
			runOnlyForDeploymentPostprocessing = 0;
		};
/* End PBXResourcesBuildPhase section */

/* Begin PBXShellScriptBuildPhase section */
		107E753AB857A589FC9745E6 /* [CP] Check Pods Manifest.lock */ = {
			isa = PBXShellScriptBuildPhase;
			buildActionMask = 2147483647;
			files = (
			);
			inputFileListPaths = (
			);
			inputPaths = (
				"${PODS_PODFILE_DIR_PATH}/Podfile.lock",
				"${PODS_ROOT}/Manifest.lock",
			);
			name = "[CP] Check Pods Manifest.lock";
			outputFileListPaths = (
			);
			outputPaths = (
				"$(DERIVED_FILE_DIR)/Pods-PokemonAppTests-checkManifestLockResult.txt",
			);
			runOnlyForDeploymentPostprocessing = 0;
			shellPath = /bin/sh;
			shellScript = "diff \"${PODS_PODFILE_DIR_PATH}/Podfile.lock\" \"${PODS_ROOT}/Manifest.lock\" > /dev/null\nif [ $? != 0 ] ; then\n    # print error to STDERR\n    echo \"error: The sandbox is not in sync with the Podfile.lock. Run 'pod install' or update your CocoaPods installation.\" >&2\n    exit 1\nfi\n# This output is used by Xcode 'outputs' to avoid re-running this script phase.\necho \"SUCCESS\" > \"${SCRIPT_OUTPUT_FILE_0}\"\n";
			showEnvVarsInLog = 0;
		};
		40FCFCE1A0BF223A0797F2B2 /* [CP] Check Pods Manifest.lock */ = {
			isa = PBXShellScriptBuildPhase;
			buildActionMask = 2147483647;
			files = (
			);
			inputFileListPaths = (
			);
			inputPaths = (
				"${PODS_PODFILE_DIR_PATH}/Podfile.lock",
				"${PODS_ROOT}/Manifest.lock",
			);
			name = "[CP] Check Pods Manifest.lock";
			outputFileListPaths = (
			);
			outputPaths = (
				"$(DERIVED_FILE_DIR)/Pods-PokemonApp-checkManifestLockResult.txt",
			);
			runOnlyForDeploymentPostprocessing = 0;
			shellPath = /bin/sh;
			shellScript = "diff \"${PODS_PODFILE_DIR_PATH}/Podfile.lock\" \"${PODS_ROOT}/Manifest.lock\" > /dev/null\nif [ $? != 0 ] ; then\n    # print error to STDERR\n    echo \"error: The sandbox is not in sync with the Podfile.lock. Run 'pod install' or update your CocoaPods installation.\" >&2\n    exit 1\nfi\n# This output is used by Xcode 'outputs' to avoid re-running this script phase.\necho \"SUCCESS\" > \"${SCRIPT_OUTPUT_FILE_0}\"\n";
			showEnvVarsInLog = 0;
		};
		66355DB4247CF35EF27BF2ED /* [CP] Embed Pods Frameworks */ = {
			isa = PBXShellScriptBuildPhase;
			buildActionMask = 2147483647;
			files = (
			);
			inputFileListPaths = (
				"${PODS_ROOT}/Target Support Files/Pods-PokemonApp/Pods-PokemonApp-frameworks-${CONFIGURATION}-input-files.xcfilelist",
			);
			name = "[CP] Embed Pods Frameworks";
			outputFileListPaths = (
				"${PODS_ROOT}/Target Support Files/Pods-PokemonApp/Pods-PokemonApp-frameworks-${CONFIGURATION}-output-files.xcfilelist",
			);
			runOnlyForDeploymentPostprocessing = 0;
			shellPath = /bin/sh;
			shellScript = "\"${PODS_ROOT}/Target Support Files/Pods-PokemonApp/Pods-PokemonApp-frameworks.sh\"\n";
			showEnvVarsInLog = 0;
		};
		79CCCFD8D33A32222DCB889C /* [CP] Check Pods Manifest.lock */ = {
			isa = PBXShellScriptBuildPhase;
			buildActionMask = 2147483647;
			files = (
			);
			inputFileListPaths = (
			);
			inputPaths = (
				"${PODS_PODFILE_DIR_PATH}/Podfile.lock",
				"${PODS_ROOT}/Manifest.lock",
			);
			name = "[CP] Check Pods Manifest.lock";
			outputFileListPaths = (
			);
			outputPaths = (
				"$(DERIVED_FILE_DIR)/Pods-PokemonApp-PokemonAppUITests-checkManifestLockResult.txt",
			);
			runOnlyForDeploymentPostprocessing = 0;
			shellPath = /bin/sh;
			shellScript = "diff \"${PODS_PODFILE_DIR_PATH}/Podfile.lock\" \"${PODS_ROOT}/Manifest.lock\" > /dev/null\nif [ $? != 0 ] ; then\n    # print error to STDERR\n    echo \"error: The sandbox is not in sync with the Podfile.lock. Run 'pod install' or update your CocoaPods installation.\" >&2\n    exit 1\nfi\n# This output is used by Xcode 'outputs' to avoid re-running this script phase.\necho \"SUCCESS\" > \"${SCRIPT_OUTPUT_FILE_0}\"\n";
			showEnvVarsInLog = 0;
		};
		865235564C0797A93380DD6D /* [CP] Embed Pods Frameworks */ = {
			isa = PBXShellScriptBuildPhase;
			buildActionMask = 2147483647;
			files = (
			);
			inputFileListPaths = (
				"${PODS_ROOT}/Target Support Files/Pods-PokemonApp-PokemonAppUITests/Pods-PokemonApp-PokemonAppUITests-frameworks-${CONFIGURATION}-input-files.xcfilelist",
			);
			name = "[CP] Embed Pods Frameworks";
			outputFileListPaths = (
				"${PODS_ROOT}/Target Support Files/Pods-PokemonApp-PokemonAppUITests/Pods-PokemonApp-PokemonAppUITests-frameworks-${CONFIGURATION}-output-files.xcfilelist",
			);
			runOnlyForDeploymentPostprocessing = 0;
			shellPath = /bin/sh;
			shellScript = "\"${PODS_ROOT}/Target Support Files/Pods-PokemonApp-PokemonAppUITests/Pods-PokemonApp-PokemonAppUITests-frameworks.sh\"\n";
			showEnvVarsInLog = 0;
		};
/* End PBXShellScriptBuildPhase section */

/* Begin PBXSourcesBuildPhase section */
		5382A6372B15DD8E00C1671B /* Sources */ = {
			isa = PBXSourcesBuildPhase;
			buildActionMask = 2147483647;
			files = (
				537F46EE2B281721005AA0E6 /* Move.swift in Sources */,
				537F47132B281721005AA0E6 /* Stats.swift in Sources */,
				5382A6972B1DD8FC00C1671B /* AppUser.swift in Sources */,
				537F47052B281721005AA0E6 /* Animated.swift in Sources */,
				5382A6432B15DD8E00C1671B /* MainView.swift in Sources */,
				537F47102B281721005AA0E6 /* Species.swift in Sources */,
				53689F5A2B2073C700748595 /* PokeService.swift in Sources */,
				537F471B2B281721005AA0E6 /* Types.swift in Sources */,
				538ED78B2B218A7C00CBDC04 /* URL+Extension.swift in Sources */,
				537F46F42B281721005AA0E6 /* VersionGroupDetails.swift in Sources */,
				537F470B2B281721005AA0E6 /* Platinum.swift in Sources */,
				537F470F2B281721005AA0E6 /* Yellow.swift in Sources */,
				537F47022B281721005AA0E6 /* Home.swift in Sources */,
				537F47092B281721005AA0E6 /* Moves.swift in Sources */,
				537F46FE2B281721005AA0E6 /* GenerationV.swift in Sources */,
				537F470C2B281721005AA0E6 /* RubySapphire.swift in Sources */,
				537F47152B281721005AA0E6 /* DiamondPearl.swift in Sources */,
				537F47162B281721005AA0E6 /* DreamWorld.swift in Sources */,
				537CF2E82B29996D007AB133 /* PokemonCollectionView.swift in Sources */,
				537F46F12B281721005AA0E6 /* Forms.swift in Sources */,
				537F47012B281721005AA0E6 /* VersionGroup.swift in Sources */,
				5382A6992B1DD96E00C1671B /* AuthenticationViewModel.swift in Sources */,
				537F46FD2B281721005AA0E6 /* PokemonData.swift in Sources */,
				537F46F92B281721005AA0E6 /* GameIndices.swift in Sources */,
				537F46FA2B281721005AA0E6 /* FireredLeafgreen.swift in Sources */,
				537F470D2B281721005AA0E6 /* HeartgoldSoulsilver.swift in Sources */,
				537F47192B281721005AA0E6 /* Stat.swift in Sources */,
				537F46F62B281721005AA0E6 /* GenerationVii.swift in Sources */,
				537F46FC2B281721005AA0E6 /* OfficialArtwork.swift in Sources */,
				537F47002B281721005AA0E6 /* Version.swift in Sources */,
				537F47082B281721005AA0E6 /* Crystal.swift in Sources */,
				537CF2EA2B299A6E007AB133 /* PokemonCollectionViewCell.swift in Sources */,
				537F47182B281721005AA0E6 /* GenerationViii.swift in Sources */,
				537F470E2B281721005AA0E6 /* RedBlue.swift in Sources */,
				537F47032B281721005AA0E6 /* Gold.swift in Sources */,
				5382A63F2B15DD8E00C1671B /* AppDelegate.swift in Sources */,
				537F46ED2B281721005AA0E6 /* GenerationIii.swift in Sources */,
				537F46F52B281721005AA0E6 /* Ability.swift in Sources */,
				538ED7892B21824300CBDC04 /* PokemonViewModel.swift in Sources */,
				537F46F02B281721005AA0E6 /* BlackWhite.swift in Sources */,
				537F46F32B281721005AA0E6 /* Versions.swift in Sources */,
				5382A69B2B1DDC8900C1671B /* GoogleAuthentication.swift in Sources */,
				537F470A2B281721005AA0E6 /* Emerald.swift in Sources */,
				537F471A2B281721005AA0E6 /* MoveLearnMethod.swift in Sources */,
				537F47142B281721005AA0E6 /* Other.swift in Sources */,
				537F47072B281721005AA0E6 /* Icons.swift in Sources */,
				537F47042B281721005AA0E6 /* GenerationI.swift in Sources */,
				537F47172B281721005AA0E6 /* UltraSunUltraMoon.swift in Sources */,
				537F47112B281721005AA0E6 /* GenerationVi.swift in Sources */,
				537F46F22B281721005AA0E6 /* Sprites.swift in Sources */,
				538ED78D2B21BB2500CBDC04 /* PokeSpeciesModel.swift in Sources */,
				537F46F72B281721005AA0E6 /* GenerationIv.swift in Sources */,
				537F46EF2B281721005AA0E6 /* Silver.swift in Sources */,
				537F44212B26ECF1005AA0E6 /* BattleView.swift in Sources */,
				5382A6722B17400B00C1671B /* LoginView.swift in Sources */,
				5382A6412B15DD8E00C1671B /* SceneDelegate.swift in Sources */,
				537F46F82B281721005AA0E6 /* Type.swift in Sources */,
				537F47062B281721005AA0E6 /* GenerationIi.swift in Sources */,
				537F46FB2B281721005AA0E6 /* Abilities.swift in Sources */,
				537F47122B281721005AA0E6 /* XY.swift in Sources */,
				537F46FF2B281721005AA0E6 /* OmegarubyAlphasapphire.swift in Sources */,
			);
			runOnlyForDeploymentPostprocessing = 0;
		};
		5382A64D2B15DDA600C1671B /* Sources */ = {
			isa = PBXSourcesBuildPhase;
			buildActionMask = 2147483647;
			files = (
				5382A6562B15DDA600C1671B /* PokemonAppTests.swift in Sources */,
			);
			runOnlyForDeploymentPostprocessing = 0;
		};
		5382A6572B15DDA600C1671B /* Sources */ = {
			isa = PBXSourcesBuildPhase;
			buildActionMask = 2147483647;
			files = (
				5382A6622B15DDA600C1671B /* PokemonAppUITestsLaunchTests.swift in Sources */,
				5382A6602B15DDA600C1671B /* PokemonAppUITests.swift in Sources */,
			);
			runOnlyForDeploymentPostprocessing = 0;
		};
/* End PBXSourcesBuildPhase section */

/* Begin PBXTargetDependency section */
		5382A6532B15DDA600C1671B /* PBXTargetDependency */ = {
			isa = PBXTargetDependency;
			target = 5382A63A2B15DD8E00C1671B /* PokemonApp */;
			targetProxy = 5382A6522B15DDA600C1671B /* PBXContainerItemProxy */;
		};
		5382A65D2B15DDA600C1671B /* PBXTargetDependency */ = {
			isa = PBXTargetDependency;
			target = 5382A63A2B15DD8E00C1671B /* PokemonApp */;
			targetProxy = 5382A65C2B15DDA600C1671B /* PBXContainerItemProxy */;
		};
/* End PBXTargetDependency section */

/* Begin PBXVariantGroup section */
		5382A6A02B1DE28300C1671B /* Main.storyboard */ = {
			isa = PBXVariantGroup;
			children = (
				5382A6A12B1DE28300C1671B /* Base */,
			);
			name = Main.storyboard;
			sourceTree = "<group>";
		};
/* End PBXVariantGroup section */

/* Begin XCBuildConfiguration section */
		5382A6632B15DDA600C1671B /* Debug */ = {
			isa = XCBuildConfiguration;
			buildSettings = {
				ALWAYS_SEARCH_USER_PATHS = NO;
				ASSETCATALOG_COMPILER_GENERATE_SWIFT_ASSET_SYMBOL_EXTENSIONS = YES;
				CLANG_ANALYZER_NONNULL = YES;
				CLANG_ANALYZER_NUMBER_OBJECT_CONVERSION = YES_AGGRESSIVE;
				CLANG_CXX_LANGUAGE_STANDARD = "gnu++20";
				CLANG_ENABLE_MODULES = YES;
				CLANG_ENABLE_OBJC_ARC = YES;
				CLANG_ENABLE_OBJC_WEAK = YES;
				CLANG_WARN_BLOCK_CAPTURE_AUTORELEASING = YES;
				CLANG_WARN_BOOL_CONVERSION = YES;
				CLANG_WARN_COMMA = YES;
				CLANG_WARN_CONSTANT_CONVERSION = YES;
				CLANG_WARN_DEPRECATED_OBJC_IMPLEMENTATIONS = YES;
				CLANG_WARN_DIRECT_OBJC_ISA_USAGE = YES_ERROR;
				CLANG_WARN_DOCUMENTATION_COMMENTS = YES;
				CLANG_WARN_EMPTY_BODY = YES;
				CLANG_WARN_ENUM_CONVERSION = YES;
				CLANG_WARN_INFINITE_RECURSION = YES;
				CLANG_WARN_INT_CONVERSION = YES;
				CLANG_WARN_NON_LITERAL_NULL_CONVERSION = YES;
				CLANG_WARN_OBJC_IMPLICIT_RETAIN_SELF = YES;
				CLANG_WARN_OBJC_LITERAL_CONVERSION = YES;
				CLANG_WARN_OBJC_ROOT_CLASS = YES_ERROR;
				CLANG_WARN_QUOTED_INCLUDE_IN_FRAMEWORK_HEADER = YES;
				CLANG_WARN_RANGE_LOOP_ANALYSIS = YES;
				CLANG_WARN_STRICT_PROTOTYPES = YES;
				CLANG_WARN_SUSPICIOUS_MOVE = YES;
				CLANG_WARN_UNGUARDED_AVAILABILITY = YES_AGGRESSIVE;
				CLANG_WARN_UNREACHABLE_CODE = YES;
				CLANG_WARN__DUPLICATE_METHOD_MATCH = YES;
				COPY_PHASE_STRIP = NO;
				DEBUG_INFORMATION_FORMAT = dwarf;
				ENABLE_STRICT_OBJC_MSGSEND = YES;
				ENABLE_TESTABILITY = YES;
				ENABLE_USER_SCRIPT_SANDBOXING = NO;
				GCC_C_LANGUAGE_STANDARD = gnu17;
				GCC_DYNAMIC_NO_PIC = NO;
				GCC_NO_COMMON_BLOCKS = YES;
				GCC_OPTIMIZATION_LEVEL = 0;
				GCC_PREPROCESSOR_DEFINITIONS = (
					"DEBUG=1",
					"$(inherited)",
				);
				GCC_WARN_64_TO_32_BIT_CONVERSION = YES;
				GCC_WARN_ABOUT_RETURN_TYPE = YES_ERROR;
				GCC_WARN_UNDECLARED_SELECTOR = YES;
				GCC_WARN_UNINITIALIZED_AUTOS = YES_AGGRESSIVE;
				GCC_WARN_UNUSED_FUNCTION = YES;
				GCC_WARN_UNUSED_VARIABLE = YES;
				IPHONEOS_DEPLOYMENT_TARGET = 17.0;
				LOCALIZATION_PREFERS_STRING_CATALOGS = YES;
				MTL_ENABLE_DEBUG_INFO = INCLUDE_SOURCE;
				MTL_FAST_MATH = YES;
				ONLY_ACTIVE_ARCH = YES;
				SDKROOT = iphoneos;
				SWIFT_ACTIVE_COMPILATION_CONDITIONS = "DEBUG $(inherited)";
				SWIFT_OPTIMIZATION_LEVEL = "-Onone";
			};
			name = Debug;
		};
		5382A6642B15DDA600C1671B /* Release */ = {
			isa = XCBuildConfiguration;
			buildSettings = {
				ALWAYS_SEARCH_USER_PATHS = NO;
				ASSETCATALOG_COMPILER_GENERATE_SWIFT_ASSET_SYMBOL_EXTENSIONS = YES;
				CLANG_ANALYZER_NONNULL = YES;
				CLANG_ANALYZER_NUMBER_OBJECT_CONVERSION = YES_AGGRESSIVE;
				CLANG_CXX_LANGUAGE_STANDARD = "gnu++20";
				CLANG_ENABLE_MODULES = YES;
				CLANG_ENABLE_OBJC_ARC = YES;
				CLANG_ENABLE_OBJC_WEAK = YES;
				CLANG_WARN_BLOCK_CAPTURE_AUTORELEASING = YES;
				CLANG_WARN_BOOL_CONVERSION = YES;
				CLANG_WARN_COMMA = YES;
				CLANG_WARN_CONSTANT_CONVERSION = YES;
				CLANG_WARN_DEPRECATED_OBJC_IMPLEMENTATIONS = YES;
				CLANG_WARN_DIRECT_OBJC_ISA_USAGE = YES_ERROR;
				CLANG_WARN_DOCUMENTATION_COMMENTS = YES;
				CLANG_WARN_EMPTY_BODY = YES;
				CLANG_WARN_ENUM_CONVERSION = YES;
				CLANG_WARN_INFINITE_RECURSION = YES;
				CLANG_WARN_INT_CONVERSION = YES;
				CLANG_WARN_NON_LITERAL_NULL_CONVERSION = YES;
				CLANG_WARN_OBJC_IMPLICIT_RETAIN_SELF = YES;
				CLANG_WARN_OBJC_LITERAL_CONVERSION = YES;
				CLANG_WARN_OBJC_ROOT_CLASS = YES_ERROR;
				CLANG_WARN_QUOTED_INCLUDE_IN_FRAMEWORK_HEADER = YES;
				CLANG_WARN_RANGE_LOOP_ANALYSIS = YES;
				CLANG_WARN_STRICT_PROTOTYPES = YES;
				CLANG_WARN_SUSPICIOUS_MOVE = YES;
				CLANG_WARN_UNGUARDED_AVAILABILITY = YES_AGGRESSIVE;
				CLANG_WARN_UNREACHABLE_CODE = YES;
				CLANG_WARN__DUPLICATE_METHOD_MATCH = YES;
				COPY_PHASE_STRIP = NO;
				DEBUG_INFORMATION_FORMAT = "dwarf-with-dsym";
				ENABLE_NS_ASSERTIONS = NO;
				ENABLE_STRICT_OBJC_MSGSEND = YES;
				ENABLE_USER_SCRIPT_SANDBOXING = NO;
				GCC_C_LANGUAGE_STANDARD = gnu17;
				GCC_NO_COMMON_BLOCKS = YES;
				GCC_WARN_64_TO_32_BIT_CONVERSION = YES;
				GCC_WARN_ABOUT_RETURN_TYPE = YES_ERROR;
				GCC_WARN_UNDECLARED_SELECTOR = YES;
				GCC_WARN_UNINITIALIZED_AUTOS = YES_AGGRESSIVE;
				GCC_WARN_UNUSED_FUNCTION = YES;
				GCC_WARN_UNUSED_VARIABLE = YES;
				IPHONEOS_DEPLOYMENT_TARGET = 17.0;
				LOCALIZATION_PREFERS_STRING_CATALOGS = YES;
				MTL_ENABLE_DEBUG_INFO = NO;
				MTL_FAST_MATH = YES;
				SDKROOT = iphoneos;
				SWIFT_COMPILATION_MODE = wholemodule;
				VALIDATE_PRODUCT = YES;
			};
			name = Release;
		};
		5382A6662B15DDA600C1671B /* Debug */ = {
			isa = XCBuildConfiguration;
			baseConfigurationReference = 9B8320F5B2A58B20D3D7668F /* Pods-PokemonApp.debug.xcconfig */;
			buildSettings = {
				ASSETCATALOG_COMPILER_APPICON_NAME = AppIcon;
				ASSETCATALOG_COMPILER_GLOBAL_ACCENT_COLOR_NAME = AccentColor;
				CODE_SIGN_STYLE = Automatic;
				CURRENT_PROJECT_VERSION = 1;
				DEVELOPMENT_TEAM = 5GGUA44PPZ;
				GENERATE_INFOPLIST_FILE = YES;
				INFOPLIST_FILE = PokemonApp/Info.plist;
				INFOPLIST_KEY_UIApplicationSupportsIndirectInputEvents = YES;
				INFOPLIST_KEY_UILaunchStoryboardName = LaunchScreen;
				INFOPLIST_KEY_UIMainStoryboardFile = Main;
				INFOPLIST_KEY_UISupportedInterfaceOrientations_iPad = "UIInterfaceOrientationPortrait UIInterfaceOrientationPortraitUpsideDown UIInterfaceOrientationLandscapeLeft UIInterfaceOrientationLandscapeRight";
				INFOPLIST_KEY_UISupportedInterfaceOrientations_iPhone = "UIInterfaceOrientationPortrait UIInterfaceOrientationLandscapeLeft UIInterfaceOrientationLandscapeRight";
				LD_RUNPATH_SEARCH_PATHS = (
					"$(inherited)",
					"@executable_path/Frameworks",
				);
				MARKETING_VERSION = 1.0;
				PRODUCT_BUNDLE_IDENTIFIER = com.zzzang.PokemonApp;
				PRODUCT_NAME = "$(TARGET_NAME)";
				SWIFT_EMIT_LOC_STRINGS = YES;
				SWIFT_VERSION = 5.0;
				TARGETED_DEVICE_FAMILY = "1,2";
			};
			name = Debug;
		};
		5382A6672B15DDA600C1671B /* Release */ = {
			isa = XCBuildConfiguration;
			baseConfigurationReference = EF89A260643178AC61733021 /* Pods-PokemonApp.release.xcconfig */;
			buildSettings = {
				ASSETCATALOG_COMPILER_APPICON_NAME = AppIcon;
				ASSETCATALOG_COMPILER_GLOBAL_ACCENT_COLOR_NAME = AccentColor;
				CODE_SIGN_STYLE = Automatic;
				CURRENT_PROJECT_VERSION = 1;
				DEVELOPMENT_TEAM = 5GGUA44PPZ;
				GENERATE_INFOPLIST_FILE = YES;
				INFOPLIST_FILE = PokemonApp/Info.plist;
				INFOPLIST_KEY_UIApplicationSupportsIndirectInputEvents = YES;
				INFOPLIST_KEY_UILaunchStoryboardName = LaunchScreen;
				INFOPLIST_KEY_UIMainStoryboardFile = Main;
				INFOPLIST_KEY_UISupportedInterfaceOrientations_iPad = "UIInterfaceOrientationPortrait UIInterfaceOrientationPortraitUpsideDown UIInterfaceOrientationLandscapeLeft UIInterfaceOrientationLandscapeRight";
				INFOPLIST_KEY_UISupportedInterfaceOrientations_iPhone = "UIInterfaceOrientationPortrait UIInterfaceOrientationLandscapeLeft UIInterfaceOrientationLandscapeRight";
				LD_RUNPATH_SEARCH_PATHS = (
					"$(inherited)",
					"@executable_path/Frameworks",
				);
				MARKETING_VERSION = 1.0;
				PRODUCT_BUNDLE_IDENTIFIER = com.zzzang.PokemonApp;
				PRODUCT_NAME = "$(TARGET_NAME)";
				SWIFT_EMIT_LOC_STRINGS = YES;
				SWIFT_VERSION = 5.0;
				TARGETED_DEVICE_FAMILY = "1,2";
			};
			name = Release;
		};
		5382A6692B15DDA600C1671B /* Debug */ = {
			isa = XCBuildConfiguration;
			baseConfigurationReference = 6F3232DF93D70EA56DCD42B0 /* Pods-PokemonAppTests.debug.xcconfig */;
			buildSettings = {
				ALWAYS_EMBED_SWIFT_STANDARD_LIBRARIES = YES;
				BUNDLE_LOADER = "$(TEST_HOST)";
				CODE_SIGN_STYLE = Automatic;
				CURRENT_PROJECT_VERSION = 1;
				GENERATE_INFOPLIST_FILE = YES;
				IPHONEOS_DEPLOYMENT_TARGET = 17.0;
				MARKETING_VERSION = 1.0;
				PRODUCT_BUNDLE_IDENTIFIER = com.zzzang.PokemonAppTests;
				PRODUCT_NAME = "$(TARGET_NAME)";
				SWIFT_EMIT_LOC_STRINGS = NO;
				SWIFT_VERSION = 5.0;
				TARGETED_DEVICE_FAMILY = "1,2";
				TEST_HOST = "$(BUILT_PRODUCTS_DIR)/PokemonApp.app/$(BUNDLE_EXECUTABLE_FOLDER_PATH)/PokemonApp";
			};
			name = Debug;
		};
		5382A66A2B15DDA600C1671B /* Release */ = {
			isa = XCBuildConfiguration;
			baseConfigurationReference = C184D8BED745F22C978226B6 /* Pods-PokemonAppTests.release.xcconfig */;
			buildSettings = {
				ALWAYS_EMBED_SWIFT_STANDARD_LIBRARIES = YES;
				BUNDLE_LOADER = "$(TEST_HOST)";
				CODE_SIGN_STYLE = Automatic;
				CURRENT_PROJECT_VERSION = 1;
				GENERATE_INFOPLIST_FILE = YES;
				IPHONEOS_DEPLOYMENT_TARGET = 17.0;
				MARKETING_VERSION = 1.0;
				PRODUCT_BUNDLE_IDENTIFIER = com.zzzang.PokemonAppTests;
				PRODUCT_NAME = "$(TARGET_NAME)";
				SWIFT_EMIT_LOC_STRINGS = NO;
				SWIFT_VERSION = 5.0;
				TARGETED_DEVICE_FAMILY = "1,2";
				TEST_HOST = "$(BUILT_PRODUCTS_DIR)/PokemonApp.app/$(BUNDLE_EXECUTABLE_FOLDER_PATH)/PokemonApp";
			};
			name = Release;
		};
		5382A66C2B15DDA600C1671B /* Debug */ = {
			isa = XCBuildConfiguration;
			baseConfigurationReference = 697D6434E7B54C72AF62AFBC /* Pods-PokemonApp-PokemonAppUITests.debug.xcconfig */;
			buildSettings = {
				ALWAYS_EMBED_SWIFT_STANDARD_LIBRARIES = YES;
				CODE_SIGN_STYLE = Automatic;
				CURRENT_PROJECT_VERSION = 1;
				GENERATE_INFOPLIST_FILE = YES;
				MARKETING_VERSION = 1.0;
				PRODUCT_BUNDLE_IDENTIFIER = com.zzzang.PokemonAppUITests;
				PRODUCT_NAME = "$(TARGET_NAME)";
				SWIFT_EMIT_LOC_STRINGS = NO;
				SWIFT_VERSION = 5.0;
				TARGETED_DEVICE_FAMILY = "1,2";
				TEST_TARGET_NAME = PokemonApp;
			};
			name = Debug;
		};
		5382A66D2B15DDA600C1671B /* Release */ = {
			isa = XCBuildConfiguration;
			baseConfigurationReference = EB522BE2E95299E490C8F364 /* Pods-PokemonApp-PokemonAppUITests.release.xcconfig */;
			buildSettings = {
				ALWAYS_EMBED_SWIFT_STANDARD_LIBRARIES = YES;
				CODE_SIGN_STYLE = Automatic;
				CURRENT_PROJECT_VERSION = 1;
				GENERATE_INFOPLIST_FILE = YES;
				MARKETING_VERSION = 1.0;
				PRODUCT_BUNDLE_IDENTIFIER = com.zzzang.PokemonAppUITests;
				PRODUCT_NAME = "$(TARGET_NAME)";
				SWIFT_EMIT_LOC_STRINGS = NO;
				SWIFT_VERSION = 5.0;
				TARGETED_DEVICE_FAMILY = "1,2";
				TEST_TARGET_NAME = PokemonApp;
			};
			name = Release;
		};
/* End XCBuildConfiguration section */

/* Begin XCConfigurationList section */
		5382A6362B15DD8E00C1671B /* Build configuration list for PBXProject "PokemonApp" */ = {
			isa = XCConfigurationList;
			buildConfigurations = (
				5382A6632B15DDA600C1671B /* Debug */,
				5382A6642B15DDA600C1671B /* Release */,
			);
			defaultConfigurationIsVisible = 0;
			defaultConfigurationName = Release;
		};
		5382A6652B15DDA600C1671B /* Build configuration list for PBXNativeTarget "PokemonApp" */ = {
			isa = XCConfigurationList;
			buildConfigurations = (
				5382A6662B15DDA600C1671B /* Debug */,
				5382A6672B15DDA600C1671B /* Release */,
			);
			defaultConfigurationIsVisible = 0;
			defaultConfigurationName = Release;
		};
		5382A6682B15DDA600C1671B /* Build configuration list for PBXNativeTarget "PokemonAppTests" */ = {
			isa = XCConfigurationList;
			buildConfigurations = (
				5382A6692B15DDA600C1671B /* Debug */,
				5382A66A2B15DDA600C1671B /* Release */,
			);
			defaultConfigurationIsVisible = 0;
			defaultConfigurationName = Release;
		};
		5382A66B2B15DDA600C1671B /* Build configuration list for PBXNativeTarget "PokemonAppUITests" */ = {
			isa = XCConfigurationList;
			buildConfigurations = (
				5382A66C2B15DDA600C1671B /* Debug */,
				5382A66D2B15DDA600C1671B /* Release */,
			);
			defaultConfigurationIsVisible = 0;
			defaultConfigurationName = Release;
		};
/* End XCConfigurationList section */

/* Begin XCRemoteSwiftPackageReference section */
		5382A68A2B1DD1C700C1671B /* XCRemoteSwiftPackageReference "firebase-ios-sdk" */ = {
			isa = XCRemoteSwiftPackageReference;
			repositoryURL = "https://github.com/firebase/firebase-ios-sdk";
			requirement = {
				kind = upToNextMajorVersion;
				minimumVersion = 10.18.0;
			};
		};
		5382A68F2B1DD22400C1671B /* XCRemoteSwiftPackageReference "GoogleSignIn-iOS" */ = {
			isa = XCRemoteSwiftPackageReference;
			repositoryURL = "https://github.com/google/GoogleSignIn-iOS";
			requirement = {
				kind = upToNextMajorVersion;
				minimumVersion = 7.0.0;
			};
		};
/* End XCRemoteSwiftPackageReference section */

/* Begin XCSwiftPackageProductDependency section */
		5382A68B2B1DD1C700C1671B /* FirebaseAuth */ = {
			isa = XCSwiftPackageProductDependency;
			package = 5382A68A2B1DD1C700C1671B /* XCRemoteSwiftPackageReference "firebase-ios-sdk" */;
			productName = FirebaseAuth;
		};
		5382A68D2B1DD1C700C1671B /* FirebaseFirestore */ = {
			isa = XCSwiftPackageProductDependency;
			package = 5382A68A2B1DD1C700C1671B /* XCRemoteSwiftPackageReference "firebase-ios-sdk" */;
			productName = FirebaseFirestore;
		};
		5382A6902B1DD22400C1671B /* GoogleSignIn */ = {
			isa = XCSwiftPackageProductDependency;
			package = 5382A68F2B1DD22400C1671B /* XCRemoteSwiftPackageReference "GoogleSignIn-iOS" */;
			productName = GoogleSignIn;
		};
		5382A69C2B1DDD1300C1671B /* FirebaseAnalytics */ = {
			isa = XCSwiftPackageProductDependency;
			package = 5382A68A2B1DD1C700C1671B /* XCRemoteSwiftPackageReference "firebase-ios-sdk" */;
			productName = FirebaseAnalytics;
		};
/* End XCSwiftPackageProductDependency section */
	};
	rootObject = 5382A6332B15DD8E00C1671B /* Project object */;
}
